
Microsoft Visual Studio Solution File, Format Version 12.00
# Visual Studio Version 17
VisualStudioVersion = 17.7.34202.233
MinimumVisualStudioVersion = 10.0.40219.1
Project("{FAE04EC0-301F-11D3-BF4B-00C04F79EFBC}") = "RazorPageMovies", "RazorPageMovies\RazorPageMovies.csproj", "{93BE6DCF-9A5D-45DE-971A-8D0A3D5CDCFE}"
EndProject
Global
	GlobalSection(SolutionConfigurationPlatforms) = preSolution
		Debug|Any CPU = Debug|Any CPU
		Release|Any CPU = Release|Any CPU
	EndGlobalSection
	GlobalSection(ProjectConfigurationPlatforms) = postSolution
		{93BE6DCF-9A5D-45DE-971A-8D0A3D5CDCFE}.Debug|Any CPU.ActiveCfg = Debug|Any CPU
		{93BE6DCF-9A5D-45DE-971A-8D0A3D5CDCFE}.Debug|Any CPU.Build.0 = Debug|Any CPU
		{93BE6DCF-9A5D-45DE-971A-8D0A3D5CDCFE}.Release|Any CPU.ActiveCfg = Release|Any CPU
		{93BE6DCF-9A5D-45DE-971A-8D0A3D5CDCFE}.Release|Any CPU.Build.0 = Release|Any CPU
	EndGlobalSection
	GlobalSection(SolutionProperties) = preSolution
		HideSolutionNode = FALSE
	EndGlobalSection
	GlobalSection(ExtensibilityGlobals) = postSolution
		SolutionGuid = {07A97003-FC68-4233-AB23-738510E5E5B8}
	EndGlobalSection
EndGlobal
